'1':
  base:
    lore:
    - Wow
    required-power: 1
    min-xp: 0
    max-xp: 2
    gen-template: stagno-coal
    material: STONE
    block-id: 1
    name: Stagno
'2':
  base:
    lore:
    - Lore line 1
    - Lore 2
    required-power: 2
    min-xp: 5
    max-xp: 50
    gen-template: stagno-coal
    material: STONE
    block-id: 2
    name: Block 2
'3':
  base:
    lore:
    - Lore line 1
    - Lore 2
    required-power: 3
    min-xp: 5
    max-xp: 50
    gen-template: stagno-coal
    material: STONE
    block-id: 3
    name: Block 3
'4':
  base:
    lore:
    - Lore line 1
    - Lore 2
    required-power: 4
    min-xp: 5
    max-xp: 50
    gen-template: stagno-coal
    material: STONE
    block-id: 4
    name: Block 4
'5':
  base:
    lore:
    - Lore line 1
    - Lore 2
    required-power: 5
    min-xp: 5
    max-xp: 50
    gen-template: stagno-coal
    material: STONE
    block-id: 5
    name: Block 5
'6':
  base:
    lore:
    - Lore line 1
    - Lore 2
    required-power: 6
    min-xp: 5
    max-xp: 50
    gen-template: stagno-coal
    material: STONE
    block-id: 6
    name: Block 6
'7':
  base:
    lore:
    - Lore line 1
    - Lore 2
    required-power: 7
    min-xp: 5
    max-xp: 50
    gen-template: stagno-coal
    material: STONE
    block-id: 7
    name: Block 7
'8':
  base:
    lore:
    - Lore line 1
    - Lore 2
    required-power: 8
    min-xp: 5
    max-xp: 50
    gen-template: stagno-coal
    material: STONE
    block-id: 8
    name: Block 8
'9':
  base:
    lore:
    - Lore line 1
    - Lore 2
    required-power: 9
    min-xp: 5
    max-xp: 50
    gen-template: stagno-coal
    material: STONE
    block-id: 9
    name: Block 9
'10':
  base:
    lore:
    - Lore line 1
    - Lore 2
    required-power: 10
    min-xp: 5
    max-xp: 50
    gen-template: stagno-coal
    material: STONE
    block-id: 10
    name: Block 10
'11':
  base:
    lore:
    - Lore line 1
    - Lore 2
    required-power: 11
    min-xp: 5
    max-xp: 50
    gen-template: stagno-coal
    material: STONE
    block-id: 11
    name: Block 11
'12':
  base:
    lore:
    - Lore line 1
    - Lore 2
    required-power: 12
    min-xp: 5
    max-xp: 50
    gen-template: stagno-coal
    material: STONE
    block-id: 12
    name: Block 12
'13':
  base:
    lore:
    - Lore line 1
    - Lore 2
    required-power: 13
    min-xp: 5
    max-xp: 50
    gen-template: stagno-coal
    material: STONE
    block-id: 13
    name: Block 13
'14':
  base:
    lore:
    - Lore line 1
    - Lore 2
    required-power: 14
    min-xp: 5
    max-xp: 50
    gen-template: stagno-coal
    material: STONE
    block-id: 14
    name: Block 14
'15':
  base:
    lore:
    - Lore line 1
    - Lore 2
    required-power: 15
    min-xp: 5
    max-xp: 50
    gen-template: stagno-coal
    material: STONE
    block-id: 15
    name: Block 15
'16':
  base:
    lore:
    - Lore line 1
    - Lore 2
    required-power: 16
    min-xp: 5
    max-xp: 50
    gen-template: stagno-coal
    material: STONE
    block-id: 16
    name: Block 16
'17':
  base:
    lore:
    - Lore line 1
    - Lore 2
    required-power: 17
    min-xp: 5
    max-xp: 50
    gen-template: stagno-coal
    material: STONE
    block-id: 17
    name: Block 17
'18':
  base:
    lore:
    - Lore line 1
    - Lore 2
    required-power: 18
    min-xp: 5
    max-xp: 50
    gen-template: stagno-coal
    material: STONE
    block-id: 18
    name: Block 18
'19':
  base:
    lore:
    - Lore line 1
    - Lore 2
    required-power: 19
    min-xp: 5
    max-xp: 50
    gen-template: stagno-coal
    material: STONE
    block-id: 19
    name: Block 19
'20':
  base:
    lore:
    - Lore line 1
    - Lore 2
    required-power: 20
    min-xp: 5
    max-xp: 50
    gen-template: stagno-coal
    material: STONE
    block-id: 20
    name: Block 20
'21':
  base:
    lore:
    - Lore line 1
    - Lore 2
    required-power: 21
    min-xp: 5
    max-xp: 50
    gen-template: stagno-coal
    material: STONE
    block-id: 21
    name: Block 21
'22':
  base:
    lore:
    - Lore line 1
    - Lore 2
    required-power: 22
    min-xp: 5
    max-xp: 50
    gen-template: stagno-coal
    material: STONE
    block-id: 22
    name: Block 22
'23':
  base:
    lore:
    - Lore line 1
    - Lore 2
    required-power: 23
    min-xp: 5
    max-xp: 50
    gen-template: stagno-coal
    material: STONE
    block-id: 23
    name: Block 23
'24':
  base:
    lore:
    - Lore line 1
    - Lore 2
    required-power: 24
    min-xp: 5
    max-xp: 50
    gen-template: stagno-coal
    material: STONE
    block-id: 24
    name: Block 24
'25':
  base:
    lore:
    - Lore line 1
    - Lore 2
    required-power: 25
    min-xp: 5
    max-xp: 50
    gen-template: stagno-coal
    material: STONE
    block-id: 25
    name: Block 25
'26':
  base:
    lore:
    - Lore line 1
    - Lore 2
    required-power: 26
    min-xp: 5
    max-xp: 50
    gen-template: stagno-coal
    material: STONE
    block-id: 26
    name: Block 26
'27':
  base:
    lore:
    - Lore line 1
    - Lore 2
    required-power: 27
    min-xp: 5
    max-xp: 50
    gen-template: stagno-coal
    material: STONE
    block-id: 27
    name: Block 27
'28':
  base:
    lore:
    - Lore line 1
    - Lore 2
    required-power: 28
    min-xp: 5
    max-xp: 50
    gen-template: stagno-coal
    material: STONE
    block-id: 28
    name: Block 28
'29':
  base:
    lore:
    - Lore line 1
    - Lore 2
    required-power: 29
    min-xp: 5
    max-xp: 50
    gen-template: stagno-coal
    material: STONE
    block-id: 29
    name: Block 29
'30':
  base:
    lore:
    - Lore line 1
    - Lore 2
    required-power: 30
    min-xp: 5
    max-xp: 50
    gen-template: stagno-coal
    material: STONE
    block-id: 30
    name: Block 30
'31':
  base:
    lore:
    - Lore line 1
    - Lore 2
    required-power: 31
    min-xp: 5
    max-xp: 50
    gen-template: stagno-coal
    material: STONE
    block-id: 31
    name: Block 31
'32':
  base:
    lore:
    - Lore line 1
    - Lore 2
    required-power: 32
    min-xp: 5
    max-xp: 50
    gen-template: stagno-coal
    material: STONE
    block-id: 32
    name: Block 32
'33':
  base:
    lore:
    - Lore line 1
    - Lore 2
    required-power: 33
    min-xp: 5
    max-xp: 50
    gen-template: stagno-coal
    material: STONE
    block-id: 33
    name: Block 33
'34':
  base:
    lore:
    - Lore line 1
    - Lore 2
    required-power: 34
    min-xp: 5
    max-xp: 50
    gen-template: stagno-coal
    material: STONE
    block-id: 34
    name: Block 34
'35':
  base:
    lore:
    - Lore line 1
    - Lore 2
    required-power: 35
    min-xp: 5
    max-xp: 50
    gen-template: stagno-coal
    material: STONE
    block-id: 35
    name: Block 35
'36':
  base:
    lore:
    - Lore line 1
    - Lore 2
    required-power: 36
    min-xp: 5
    max-xp: 50
    gen-template: stagno-coal
    material: STONE
    block-id: 36
    name: Block 36
'37':
  base:
    lore:
    - Lore line 1
    - Lore 2
    required-power: 37
    min-xp: 5
    max-xp: 50
    gen-template: stagno-coal
    material: STONE
    block-id: 37
    name: Block 37
'38':
  base:
    lore:
    - Lore line 1
    - Lore 2
    required-power: 38
    min-xp: 5
    max-xp: 50
    gen-template: stagno-coal
    material: STONE
    block-id: 38
    name: Block 38
'39':
  base:
    lore:
    - Lore line 1
    - Lore 2
    required-power: 39
    min-xp: 5
    max-xp: 50
    gen-template: stagno-coal
    material: STONE
    block-id: 39
    name: Block 39
'40':
  base:
    lore:
    - Lore line 1
    - Lore 2
    required-power: 40
    min-xp: 5
    max-xp: 50
    gen-template: stagno-coal
    material: STONE
    block-id: 40
    name: Block 40
'41':
  base:
    lore:
    - Lore line 1
    - Lore 2
    required-power: 41
    min-xp: 5
    max-xp: 50
    gen-template: stagno-coal
    material: STONE
    block-id: 41
    name: Block 41
'42':
  base:
    lore:
    - Lore line 1
    - Lore 2
    required-power: 42
    min-xp: 5
    max-xp: 50
    gen-template: stagno-coal
    material: STONE
    block-id: 42
    name: Block 42
'43':
  base:
    lore:
    - Lore line 1
    - Lore 2
    required-power: 43
    min-xp: 5
    max-xp: 50
    gen-template: stagno-coal
    material: STONE
    block-id: 43
    name: Block 43
'44':
  base:
    lore:
    - Lore line 1
    - Lore 2
    required-power: 44
    min-xp: 5
    max-xp: 50
    gen-template: stagno-coal
    material: STONE
    block-id: 44
    name: Block 44
'45':
  base:
    lore:
    - Lore line 1
    - Lore 2
    required-power: 45
    min-xp: 5
    max-xp: 50
    gen-template: stagno-coal
    material: STONE
    block-id: 45
    name: Block 45
'46':
  base:
    lore:
    - Lore line 1
    - Lore 2
    required-power: 46
    min-xp: 5
    max-xp: 50
    gen-template: stagno-coal
    material: STONE
    block-id: 46
    name: Block 46
'47':
  base:
    lore:
    - Lore line 1
    - Lore 2
    required-power: 47
    min-xp: 5
    max-xp: 50
    gen-template: stagno-coal
    material: STONE
    block-id: 47
    name: Block 47
'48':
  base:
    lore:
    - Lore line 1
    - Lore 2
    required-power: 48
    min-xp: 5
    max-xp: 50
    gen-template: stagno-coal
    material: STONE
    block-id: 48
    name: Block 48
'49':
  base:
    lore:
    - Lore line 1
    - Lore 2
    required-power: 49
    min-xp: 5
    max-xp: 50
    gen-template: stagno-coal
    material: STONE
    block-id: 49
    name: Block 49
'100':
  base:
    lore:
    - Lore line 1
    - Lore 2
    required-power: 100
    min-xp: 5
    max-xp: 50
    gen-template: stagno-coal
    material: STONE
    block-id: 100
    name: Block 100
'101':
  base:
    lore:
    - Lore line 1
    - Lore 2
    required-power: 101
    min-xp: 5
    max-xp: 50
    gen-template: stagno-coal
    material: STONE
    block-id: 101
    name: Block 101
'102':
  base:
    lore:
    - Lore line 1
    - Lore 2
    required-power: 102
    min-xp: 5
    max-xp: 50
    gen-template: stagno-coal
    material: STONE
    block-id: 102
    name: Block 102
'103':
  base:
    lore:
    - Lore line 1
    - Lore 2
    required-power: 103
    min-xp: 5
    max-xp: 50
    gen-template: stagno-coal
    material: STONE
    block-id: 103
    name: Block 103
'104':
  base:
    lore:
    - Lore line 1
    - Lore 2
    required-power: 104
    min-xp: 5
    max-xp: 50
    gen-template: stagno-coal
    material: STONE
    block-id: 104
    name: Block 104
'105':
  base:
    lore:
    - Lore line 1
    - Lore 2
    required-power: 105
    min-xp: 5
    max-xp: 50
    gen-template: stagno-coal
    material: STONE
    block-id: 105
    name: Block 105
'106':
  base:
    lore:
    - Lore line 1
    - Lore 2
    required-power: 106
    min-xp: 5
    max-xp: 50
    gen-template: stagno-coal
    material: STONE
    block-id: 106
    name: Block 106
'107':
  base:
    lore:
    - Lore line 1
    - Lore 2
    required-power: 107
    min-xp: 5
    max-xp: 50
    gen-template: stagno-coal
    material: STONE
    block-id: 107
    name: Block 107
'108':
  base:
    lore:
    - Lore line 1
    - Lore 2
    required-power: 108
    min-xp: 5
    max-xp: 50
    gen-template: stagno-coal
    material: STONE
    block-id: 108
    name: Block 108
'109':
  base:
    lore:
    - Lore line 1
    - Lore 2
    required-power: 109
    min-xp: 5
    max-xp: 50
    gen-template: stagno-coal
    material: STONE
    block-id: 109
    name: Block 109
'110':
  base:
    lore:
    - Lore line 1
    - Lore 2
    required-power: 110
    min-xp: 5
    max-xp: 50
    gen-template: stagno-coal
    material: STONE
    block-id: 110
    name: Block 110
'111':
  base:
    lore:
    - Lore line 1
    - Lore 2
    required-power: 111
    min-xp: 5
    max-xp: 50
    gen-template: stagno-coal
    material: STONE
    block-id: 111
    name: Block 111
'112':
  base:
    lore:
    - Lore line 1
    - Lore 2
    required-power: 112
    min-xp: 5
    max-xp: 50
    gen-template: stagno-coal
    material: STONE
    block-id: 112
    name: Block 112
'113':
  base:
    lore:
    - Lore line 1
    - Lore 2
    required-power: 113
    min-xp: 5
    max-xp: 50
    gen-template: stagno-coal
    material: STONE
    block-id: 113
    name: Block 113
'114':
  base:
    lore:
    - Lore line 1
    - Lore 2
    required-power: 114
    min-xp: 5
    max-xp: 50
    gen-template: stagno-coal
    material: STONE
    block-id: 114
    name: Block 114
'115':
  base:
    lore:
    - Lore line 1
    - Lore 2
    required-power: 115
    min-xp: 5
    max-xp: 50
    gen-template: stagno-coal
    material: STONE
    block-id: 115
    name: Block 115
'116':
  base:
    lore:
    - Lore line 1
    - Lore 2
    required-power: 116
    min-xp: 5
    max-xp: 50
    gen-template: stagno-coal
    material: STONE
    block-id: 116
    name: Block 116
'117':
  base:
    lore:
    - Lore line 1
    - Lore 2
    required-power: 117
    min-xp: 5
    max-xp: 50
    gen-template: stagno-coal
    material: STONE
    block-id: 117
    name: Block 117
'118':
  base:
    lore:
    - Lore line 1
    - Lore 2
    required-power: 118
    min-xp: 5
    max-xp: 50
    gen-template: stagno-coal
    material: STONE
    block-id: 118
    name: Block 118
'119':
  base:
    lore:
    - Lore line 1
    - Lore 2
    required-power: 119
    min-xp: 5
    max-xp: 50
    gen-template: stagno-coal
    material: STONE
    block-id: 119
    name: Block 119
'120':
  base:
    lore:
    - Lore line 1
    - Lore 2
    required-power: 120
    min-xp: 5
    max-xp: 50
    gen-template: stagno-coal
    material: STONE
    block-id: 120
    name: Block 120
'121':
  base:
    lore:
    - Lore line 1
    - Lore 2
    required-power: 121
    min-xp: 5
    max-xp: 50
    gen-template: stagno-coal
    material: STONE
    block-id: 121
    name: Block 121
'122':
  base:
    lore:
    - Lore line 1
    - Lore 2
    required-power: 122
    min-xp: 5
    max-xp: 50
    gen-template: stagno-coal
    material: STONE
    block-id: 122
    name: Block 122
'123':
  base:
    lore:
    - Lore line 1
    - Lore 2
    required-power: 123
    min-xp: 5
    max-xp: 50
    gen-template: stagno-coal
    material: STONE
    block-id: 123
    name: Block 123
'124':
  base:
    lore:
    - Lore line 1
    - Lore 2
    required-power: 124
    min-xp: 5
    max-xp: 50
    gen-template: stagno-coal
    material: STONE
    block-id: 124
    name: Block 124
'125':
  base:
    lore:
    - Lore line 1
    - Lore 2
    required-power: 125
    min-xp: 5
    max-xp: 50
    gen-template: stagno-coal
    material: STONE
    block-id: 125
    name: Block 125
'126':
  base:
    lore:
    - Lore line 1
    - Lore 2
    required-power: 126
    min-xp: 5
    max-xp: 50
    gen-template: stagno-coal
    material: STONE
    block-id: 126
    name: Block 126
'127':
  base:
    lore:
    - Lore line 1
    - Lore 2
    required-power: 127
    min-xp: 5
    max-xp: 50
    gen-template: stagno-coal
    material: STONE
    block-id: 127
    name: Block 127
'128':
  base:
    lore:
    - Lore line 1
    - Lore 2
    required-power: 128
    min-xp: 5
    max-xp: 50
    gen-template: stagno-coal
    material: STONE
    block-id: 128
    name: Block 128
'129':
  base:
    lore:
    - Lore line 1
    - Lore 2
    required-power: 129
    min-xp: 5
    max-xp: 50
    gen-template: stagno-coal
    material: STONE
    block-id: 129
    name: Block 129
'130':
  base:
    lore:
    - Lore line 1
    - Lore 2
    required-power: 130
    min-xp: 5
    max-xp: 50
    gen-template: stagno-coal
    material: STONE
    block-id: 130
    name: Block 130
'131':
  base:
    lore:
    - Lore line 1
    - Lore 2
    required-power: 131
    min-xp: 5
    max-xp: 50
    gen-template: stagno-coal
    material: STONE
    block-id: 131
    name: Block 131
'132':
  base:
    lore:
    - Lore line 1
    - Lore 2
    required-power: 132
    min-xp: 5
    max-xp: 50
    gen-template: stagno-coal
    material: STONE
    block-id: 132
    name: Block 132
'133':
  base:
    lore:
    - Lore line 1
    - Lore 2
    required-power: 133
    min-xp: 5
    max-xp: 50
    gen-template: stagno-coal
    material: STONE
    block-id: 133
    name: Block 133
'134':
  base:
    lore:
    - Lore line 1
    - Lore 2
    required-power: 134
    min-xp: 5
    max-xp: 50
    gen-template: stagno-coal
    material: STONE
    block-id: 134
    name: Block 134
'135':
  base:
    lore:
    - Lore line 1
    - Lore 2
    required-power: 135
    min-xp: 5
    max-xp: 50
    gen-template: stagno-coal
    material: STONE
    block-id: 135
    name: Block 135
'136':
  base:
    lore:
    - Lore line 1
    - Lore 2
    required-power: 136
    min-xp: 5
    max-xp: 50
    gen-template: stagno-coal
    material: STONE
    block-id: 136
    name: Block 136
'137':
  base:
    lore:
    - Lore line 1
    - Lore 2
    required-power: 137
    min-xp: 5
    max-xp: 50
    gen-template: stagno-coal
    material: STONE
    block-id: 137
    name: Block 137
'138':
  base:
    lore:
    - Lore line 1
    - Lore 2
    required-power: 138
    min-xp: 5
    max-xp: 50
    gen-template: stagno-coal
    material: STONE
    block-id: 138
    name: Block 138
'139':
  base:
    lore:
    - Lore line 1
    - Lore 2
    required-power: 139
    min-xp: 5
    max-xp: 50
    gen-template: stagno-coal
    material: STONE
    block-id: 139
    name: Block 139
'140':
  base:
    lore:
    - Lore line 1
    - Lore 2
    required-power: 140
    min-xp: 5
    max-xp: 50
    gen-template: stagno-coal
    material: STONE
    block-id: 140
    name: Block 140
'141':
  base:
    lore:
    - Lore line 1
    - Lore 2
    required-power: 141
    min-xp: 5
    max-xp: 50
    gen-template: stagno-coal
    material: STONE
    block-id: 141
    name: Block 141
'142':
  base:
    lore:
    - Lore line 1
    - Lore 2
    required-power: 142
    min-xp: 5
    max-xp: 50
    gen-template: stagno-coal
    material: STONE
    block-id: 142
    name: Block 142
'143':
  base:
    lore:
    - Lore line 1
    - Lore 2
    required-power: 143
    min-xp: 5
    max-xp: 50
    gen-template: stagno-coal
    material: STONE
    block-id: 143
    name: Block 143
'144':
  base:
    lore:
    - Lore line 1
    - Lore 2
    required-power: 144
    min-xp: 5
    max-xp: 50
    gen-template: stagno-coal
    material: STONE
    block-id: 144
    name: Block 144
'145':
  base:
    lore:
    - Lore line 1
    - Lore 2
    required-power: 145
    min-xp: 5
    max-xp: 50
    gen-template: stagno-coal
    material: STONE
    block-id: 145
    name: Block 145
'146':
  base:
    lore:
    - Lore line 1
    - Lore 2
    required-power: 146
    min-xp: 5
    max-xp: 50
    gen-template: stagno-coal
    material: STONE
    block-id: 146
    name: Block 146
'147':
  base:
    lore:
    - Lore line 1
    - Lore 2
    required-power: 147
    min-xp: 5
    max-xp: 50
    gen-template: stagno-coal
    material: STONE
    block-id: 147
    name: Block 147
'148':
  base:
    lore:
    - Lore line 1
    - Lore 2
    required-power: 148
    min-xp: 5
    max-xp: 50
    gen-template: stagno-coal
    material: STONE
    block-id: 148
    name: Block 148
'149':
  base:
    lore:
    - Lore line 1
    - Lore 2
    required-power: 149
    min-xp: 5
    max-xp: 50
    gen-template: stagno-coal
    material: STONE
    block-id: 149
    name: Block 149
